
Microsoft Visual Studio Solution File, Format Version 12.00
# Visual Studio 15
VisualStudioVersion = 15.0.26730.16
MinimumVisualStudioVersion = 10.0.40219.1
Project("{2150E333-8FDC-42A3-9474-1A3956D46DE8}") = "src", "src", "{85E635ED-6B86-4A6E-A91C-D8FB551680AE}"
EndProject
Project("{2150E333-8FDC-42A3-9474-1A3956D46DE8}") = "Solution Items", "Solution Items", "{617983B4-27C5-43E8-AED8-E7C101A1A86A}"
	ProjectSection(SolutionItems) = preProject
		LICENSE = LICENSE
		README.md = README.md
	EndProjectSection
EndProject
Project("{2150E333-8FDC-42A3-9474-1A3956D46DE8}") = "test", "test", "{694420B5-3D4D-4CBA-A418-1D8BD96120BC}"
EndProject
Project("{9A19103F-16F7-4668-BE54-9A1E7A4F7556}") = "PolylineEncoder.Net", "src\PolylineEncoder.Net\PolylineEncoder.Net.csproj", "{C1FB0993-5199-4BFF-8717-8A4DEB098C29}"
EndProject
Project("{FAE04EC0-301F-11D3-BF4B-00C04F79EFBC}") = "PolylineEncoder.Net.Tests", "test\PolylineEncoder.Net.Tests\PolylineEncoder.Net.Tests.csproj", "{09EBD7BE-FC2F-4283-9133-4E4F4B68B546}"
EndProject
Global
	GlobalSection(SolutionConfigurationPlatforms) = preSolution
		Debug|Any CPU = Debug|Any CPU
		Release|Any CPU = Release|Any CPU
	EndGlobalSection
	GlobalSection(ProjectConfigurationPlatforms) = postSolution
		{C1FB0993-5199-4BFF-8717-8A4DEB098C29}.Debug|Any CPU.ActiveCfg = Debug|Any CPU
		{C1FB0993-5199-4BFF-8717-8A4DEB098C29}.Debug|Any CPU.Build.0 = Debug|Any CPU
		{C1FB0993-5199-4BFF-8717-8A4DEB098C29}.Release|Any CPU.ActiveCfg = Release|Any CPU
		{C1FB0993-5199-4BFF-8717-8A4DEB098C29}.Release|Any CPU.Build.0 = Release|Any CPU
		{09EBD7BE-FC2F-4283-9133-4E4F4B68B546}.Debug|Any CPU.ActiveCfg = Debug|Any CPU
		{09EBD7BE-FC2F-4283-9133-4E4F4B68B546}.Debug|Any CPU.Build.0 = Debug|Any CPU
		{09EBD7BE-FC2F-4283-9133-4E4F4B68B546}.Release|Any CPU.ActiveCfg = Release|Any CPU
		{09EBD7BE-FC2F-4283-9133-4E4F4B68B546}.Release|Any CPU.Build.0 = Release|Any CPU
	EndGlobalSection
	GlobalSection(SolutionProperties) = preSolution
		HideSolutionNode = FALSE
	EndGlobalSection
	GlobalSection(NestedProjects) = preSolution
		{C1FB0993-5199-4BFF-8717-8A4DEB098C29} = {85E635ED-6B86-4A6E-A91C-D8FB551680AE}
		{09EBD7BE-FC2F-4283-9133-4E4F4B68B546} = {694420B5-3D4D-4CBA-A418-1D8BD96120BC}
	EndGlobalSection
	GlobalSection(ExtensibilityGlobals) = postSolution
		SolutionGuid = {3B2850B1-2113-4586-A7F6-5DB7FBA20C3A}
	EndGlobalSection
EndGlobal
